
Microsoft Visual Studio Solution File, Format Version 12.00
# Visual Studio Version 17
VisualStudioVersion = 17.5.33530.505
MinimumVisualStudioVersion = 10.0.40219.1
Project("{FAE04EC0-301F-11D3-BF4B-00C04F79EFBC}") = "ConsoleApp2", "ConsoleApp2.csproj", "{E0F55F0C-47D7-4477-BD16-2BC0CF1AF603}"
EndProject
Global
	GlobalSection(SolutionConfigurationPlatforms) = preSolution
		Debug|Any CPU = Debug|Any CPU
		Release|Any CPU = Release|Any CPU
	EndGlobalSection
	GlobalSection(ProjectConfigurationPlatforms) = postSolution
		{E0F55F0C-47D7-4477-BD16-2BC0CF1AF603}.Debug|Any CPU.ActiveCfg = Debug|Any CPU
		{E0F55F0C-47D7-4477-BD16-2BC0CF1AF603}.Debug|Any CPU.Build.0 = Debug|Any CPU
		{E0F55F0C-47D7-4477-BD16-2BC0CF1AF603}.Release|Any CPU.ActiveCfg = Release|Any CPU
		{E0F55F0C-47D7-4477-BD16-2BC0CF1AF603}.Release|Any CPU.Build.0 = Release|Any CPU
	EndGlobalSection
	GlobalSection(SolutionProperties) = preSolution
		HideSolutionNode = FALSE
	EndGlobalSection
	GlobalSection(ExtensibilityGlobals) = postSolution
		SolutionGuid = {65122A18-EC6B-4C18-BEAE-5CACB6CC5662}
	EndGlobalSection
EndGlobal
